
Microsoft Visual Studio Solution File, Format Version 12.00
# Visual Studio 15
VisualStudioVersion = 15.0.28307.757
MinimumVisualStudioVersion = 10.0.40219.1
Project("{FAE04EC0-301F-11D3-BF4B-00C04F79EFBC}") = "TodoApp", "TodoApp\TodoApp.csproj", "{DDA64832-5DF8-45A7-B8CF-6A3B0794F907}"
EndProject
Global
	GlobalSection(SolutionConfigurationPlatforms) = preSolution
		Debug|Any CPU = Debug|Any CPU
		Release|Any CPU = Release|Any CPU
	EndGlobalSection
	GlobalSection(ProjectConfigurationPlatforms) = postSolution
		{DDA64832-5DF8-45A7-B8CF-6A3B0794F907}.Debug|Any CPU.ActiveCfg = Debug|Any CPU
		{DDA64832-5DF8-45A7-B8CF-6A3B0794F907}.Debug|Any CPU.Build.0 = Debug|Any CPU
		{DDA64832-5DF8-45A7-B8CF-6A3B0794F907}.Release|Any CPU.ActiveCfg = Release|Any CPU
		{DDA64832-5DF8-45A7-B8CF-6A3B0794F907}.Release|Any CPU.Build.0 = Release|Any CPU
	EndGlobalSection
	GlobalSection(SolutionProperties) = preSolution
		HideSolutionNode = FALSE
	EndGlobalSection
	GlobalSection(ExtensibilityGlobals) = postSolution
		SolutionGuid = {7E3DFA8F-3721-4BCA-96E0-83EBE99E38AD}
	EndGlobalSection
EndGlobal
